
Microsoft Visual Studio Solution File, Format Version 12.00
# Visual Studio Version 16
VisualStudioVersion = 16.0.28803.352
MinimumVisualStudioVersion = 10.0.40219.1
Project("{9A19103F-16F7-4668-BE54-9A1E7A4F7556}") = "DailyCodingProblem-01", "DailyCodingProblem-01\DailyCodingProblem-01.csproj", "{E6488E74-B445-4760-9DFA-4063E3D5157A}"
EndProject
Project("{9A19103F-16F7-4668-BE54-9A1E7A4F7556}") = "DailyCodingProblem-02", "DailyCodingProblem-02\DailyCodingProblem-02.csproj", "{53C71962-0DE4-44FB-9D3E-FCCAFF958BA3}"
EndProject
Project("{9A19103F-16F7-4668-BE54-9A1E7A4F7556}") = "DailyCodingProblem-03", "DailyCodingProblem-03\DailyCodingProblem-03.csproj", "{965DCF11-9D18-4536-BD0B-7B221728B716}"
EndProject
Project("{9A19103F-16F7-4668-BE54-9A1E7A4F7556}") = "DailyCodingProblem-04", "DailyCodingProblem-04\DailyCodingProblem-04.csproj", "{7E010AD6-0024-4854-A067-65A081701250}"
EndProject
Project("{FAE04EC0-301F-11D3-BF4B-00C04F79EFBC}") = "DailyCodingProblem-05", "DailyCodingProblem-05\DailyCodingProblem-05.csproj", "{61E3BDB0-FBE7-439C-A9F3-E21572E46F49}"
EndProject
Project("{FAE04EC0-301F-11D3-BF4B-00C04F79EFBC}") = "DailyCodingProblem-06", "DailyCodingProblem-06\DailyCodingProblem-06.csproj", "{7DBC9A48-E6FB-4C7F-A484-7EC3668E1E85}"
EndProject
Project("{FAE04EC0-301F-11D3-BF4B-00C04F79EFBC}") = "DailyCodingProblem-07", "DailyCodingProblem-07\DailyCodingProblem-07.csproj", "{46BD93FB-3460-4857-8B2E-FFD310701FC3}"
EndProject
Project("{FAE04EC0-301F-11D3-BF4B-00C04F79EFBC}") = "DailyCodingProblem-08", "DailyCodingProblem-08\DailyCodingProblem-08.csproj", "{2A477798-3CF8-4495-9D8B-E4BDB524A4BC}"
EndProject
Project("{FAE04EC0-301F-11D3-BF4B-00C04F79EFBC}") = "DailyCodingProblem-09", "DailyCodingProblem-09\DailyCodingProblem-09.csproj", "{80FBA873-54CD-475D-9B05-4A6EE4B69BEF}"
EndProject
Project("{FAE04EC0-301F-11D3-BF4B-00C04F79EFBC}") = "DailyCodingProblem-10", "DailyCodingProblem-10\DailyCodingProblem-10.csproj", "{328CE036-5B6D-4097-A313-270199A13672}"
EndProject
Project("{FAE04EC0-301F-11D3-BF4B-00C04F79EFBC}") = "DailyCodingProblem-11", "DailyCodingProblem-11\DailyCodingProblem-11.csproj", "{42501D22-0059-4E87-8C4D-86ADEE8E2524}"
EndProject
Project("{FAE04EC0-301F-11D3-BF4B-00C04F79EFBC}") = "DailyCodingProblem-12", "DailyCodingProblem-12\DailyCodingProblem-12.csproj", "{314CA374-D3D7-49B8-B06F-F9E16EDCDE90}"
EndProject
Project("{FAE04EC0-301F-11D3-BF4B-00C04F79EFBC}") = "DailyCodingProblem-13", "DailyCodingProblem-13\DailyCodingProblem-13.csproj", "{CB111FCD-A4AF-455D-8D63-18C6C44906D7}"
EndProject
Project("{FAE04EC0-301F-11D3-BF4B-00C04F79EFBC}") = "DailyCodingProblem-14", "DailyCodingProblem-14\DailyCodingProblem-14.csproj", "{6FDA34FD-5178-4AE8-86F3-E9B50E0D8621}"
EndProject
Project("{FAE04EC0-301F-11D3-BF4B-00C04F79EFBC}") = "DailyCodingProblem-15", "DailyCodingProblem-15\DailyCodingProblem-15.csproj", "{99C82A71-858A-42BA-88F2-A42129EEC1FF}"
EndProject
Project("{FAE04EC0-301F-11D3-BF4B-00C04F79EFBC}") = "DailyCodingProblem-16", "DailyCodingProblem-16\DailyCodingProblem-16.csproj", "{D126EBB9-7970-423A-BE9B-01FFEDD31F2E}"
EndProject
Project("{FAE04EC0-301F-11D3-BF4B-00C04F79EFBC}") = "DailyCodingProblem-17", "DailyCodingProblem-17\DailyCodingProblem-17.csproj", "{3D6EC22F-33C7-4753-BAD4-E2EE360A757D}"
EndProject
Project("{FAE04EC0-301F-11D3-BF4B-00C04F79EFBC}") = "DailyCodingProblem-18", "DailyCodingProblem-18\DailyCodingProblem-18.csproj", "{96D3331E-876C-46EC-A501-0CBBB7BEC1AF}"
EndProject
Project("{FAE04EC0-301F-11D3-BF4B-00C04F79EFBC}") = "DailyCodingProblem-19", "DailyCodingProblem-19\DailyCodingProblem-19.csproj", "{FB30EA3A-7D4D-460C-968C-5D892EC9B668}"
EndProject
Project("{FAE04EC0-301F-11D3-BF4B-00C04F79EFBC}") = "DailyCodingProblem-20", "DailyCodingProblem-20\DailyCodingProblem-20.csproj", "{8EFE33CA-ACDC-495E-98FF-37792A275046}"
EndProject
Global
	GlobalSection(SolutionConfigurationPlatforms) = preSolution
		Debug|Any CPU = Debug|Any CPU
		Release|Any CPU = Release|Any CPU
	EndGlobalSection
	GlobalSection(ProjectConfigurationPlatforms) = postSolution
		{E6488E74-B445-4760-9DFA-4063E3D5157A}.Debug|Any CPU.ActiveCfg = Debug|Any CPU
		{E6488E74-B445-4760-9DFA-4063E3D5157A}.Debug|Any CPU.Build.0 = Debug|Any CPU
		{E6488E74-B445-4760-9DFA-4063E3D5157A}.Release|Any CPU.ActiveCfg = Release|Any CPU
		{E6488E74-B445-4760-9DFA-4063E3D5157A}.Release|Any CPU.Build.0 = Release|Any CPU
		{53C71962-0DE4-44FB-9D3E-FCCAFF958BA3}.Debug|Any CPU.ActiveCfg = Debug|Any CPU
		{53C71962-0DE4-44FB-9D3E-FCCAFF958BA3}.Debug|Any CPU.Build.0 = Debug|Any CPU
		{53C71962-0DE4-44FB-9D3E-FCCAFF958BA3}.Release|Any CPU.ActiveCfg = Release|Any CPU
		{53C71962-0DE4-44FB-9D3E-FCCAFF958BA3}.Release|Any CPU.Build.0 = Release|Any CPU
		{965DCF11-9D18-4536-BD0B-7B221728B716}.Debug|Any CPU.ActiveCfg = Debug|Any CPU
		{965DCF11-9D18-4536-BD0B-7B221728B716}.Debug|Any CPU.Build.0 = Debug|Any CPU
		{965DCF11-9D18-4536-BD0B-7B221728B716}.Release|Any CPU.ActiveCfg = Release|Any CPU
		{965DCF11-9D18-4536-BD0B-7B221728B716}.Release|Any CPU.Build.0 = Release|Any CPU
		{7E010AD6-0024-4854-A067-65A081701250}.Debug|Any CPU.ActiveCfg = Debug|Any CPU
		{7E010AD6-0024-4854-A067-65A081701250}.Debug|Any CPU.Build.0 = Debug|Any CPU
		{7E010AD6-0024-4854-A067-65A081701250}.Release|Any CPU.ActiveCfg = Release|Any CPU
		{7E010AD6-0024-4854-A067-65A081701250}.Release|Any CPU.Build.0 = Release|Any CPU
		{61E3BDB0-FBE7-439C-A9F3-E21572E46F49}.Debug|Any CPU.ActiveCfg = Debug|Any CPU
		{61E3BDB0-FBE7-439C-A9F3-E21572E46F49}.Debug|Any CPU.Build.0 = Debug|Any CPU
		{61E3BDB0-FBE7-439C-A9F3-E21572E46F49}.Release|Any CPU.ActiveCfg = Release|Any CPU
		{61E3BDB0-FBE7-439C-A9F3-E21572E46F49}.Release|Any CPU.Build.0 = Release|Any CPU
		{7DBC9A48-E6FB-4C7F-A484-7EC3668E1E85}.Debug|Any CPU.ActiveCfg = Debug|Any CPU
		{7DBC9A48-E6FB-4C7F-A484-7EC3668E1E85}.Debug|Any CPU.Build.0 = Debug|Any CPU
		{7DBC9A48-E6FB-4C7F-A484-7EC3668E1E85}.Release|Any CPU.ActiveCfg = Release|Any CPU
		{7DBC9A48-E6FB-4C7F-A484-7EC3668E1E85}.Release|Any CPU.Build.0 = Release|Any CPU
		{46BD93FB-3460-4857-8B2E-FFD310701FC3}.Debug|Any CPU.ActiveCfg = Debug|Any CPU
		{46BD93FB-3460-4857-8B2E-FFD310701FC3}.Debug|Any CPU.Build.0 = Debug|Any CPU
		{46BD93FB-3460-4857-8B2E-FFD310701FC3}.Release|Any CPU.ActiveCfg = Release|Any CPU
		{46BD93FB-3460-4857-8B2E-FFD310701FC3}.Release|Any CPU.Build.0 = Release|Any CPU
		{2A477798-3CF8-4495-9D8B-E4BDB524A4BC}.Debug|Any CPU.ActiveCfg = Debug|Any CPU
		{2A477798-3CF8-4495-9D8B-E4BDB524A4BC}.Debug|Any CPU.Build.0 = Debug|Any CPU
		{2A477798-3CF8-4495-9D8B-E4BDB524A4BC}.Release|Any CPU.ActiveCfg = Release|Any CPU
		{2A477798-3CF8-4495-9D8B-E4BDB524A4BC}.Release|Any CPU.Build.0 = Release|Any CPU
		{80FBA873-54CD-475D-9B05-4A6EE4B69BEF}.Debug|Any CPU.ActiveCfg = Debug|Any CPU
		{80FBA873-54CD-475D-9B05-4A6EE4B69BEF}.Debug|Any CPU.Build.0 = Debug|Any CPU
		{80FBA873-54CD-475D-9B05-4A6EE4B69BEF}.Release|Any CPU.ActiveCfg = Release|Any CPU
		{80FBA873-54CD-475D-9B05-4A6EE4B69BEF}.Release|Any CPU.Build.0 = Release|Any CPU
		{328CE036-5B6D-4097-A313-270199A13672}.Debug|Any CPU.ActiveCfg = Debug|Any CPU
		{328CE036-5B6D-4097-A313-270199A13672}.Debug|Any CPU.Build.0 = Debug|Any CPU
		{328CE036-5B6D-4097-A313-270199A13672}.Release|Any CPU.ActiveCfg = Release|Any CPU
		{328CE036-5B6D-4097-A313-270199A13672}.Release|Any CPU.Build.0 = Release|Any CPU
		{42501D22-0059-4E87-8C4D-86ADEE8E2524}.Debug|Any CPU.ActiveCfg = Debug|Any CPU
		{42501D22-0059-4E87-8C4D-86ADEE8E2524}.Debug|Any CPU.Build.0 = Debug|Any CPU
		{42501D22-0059-4E87-8C4D-86ADEE8E2524}.Release|Any CPU.ActiveCfg = Release|Any CPU
		{42501D22-0059-4E87-8C4D-86ADEE8E2524}.Release|Any CPU.Build.0 = Release|Any CPU
		{314CA374-D3D7-49B8-B06F-F9E16EDCDE90}.Debug|Any CPU.ActiveCfg = Debug|Any CPU
		{314CA374-D3D7-49B8-B06F-F9E16EDCDE90}.Debug|Any CPU.Build.0 = Debug|Any CPU
		{314CA374-D3D7-49B8-B06F-F9E16EDCDE90}.Release|Any CPU.ActiveCfg = Release|Any CPU
		{314CA374-D3D7-49B8-B06F-F9E16EDCDE90}.Release|Any CPU.Build.0 = Release|Any CPU
		{CB111FCD-A4AF-455D-8D63-18C6C44906D7}.Debug|Any CPU.ActiveCfg = Debug|Any CPU
		{CB111FCD-A4AF-455D-8D63-18C6C44906D7}.Debug|Any CPU.Build.0 = Debug|Any CPU
		{CB111FCD-A4AF-455D-8D63-18C6C44906D7}.Release|Any CPU.ActiveCfg = Release|Any CPU
		{CB111FCD-A4AF-455D-8D63-18C6C44906D7}.Release|Any CPU.Build.0 = Release|Any CPU
		{6FDA34FD-5178-4AE8-86F3-E9B50E0D8621}.Debug|Any CPU.ActiveCfg = Debug|Any CPU
		{6FDA34FD-5178-4AE8-86F3-E9B50E0D8621}.Debug|Any CPU.Build.0 = Debug|Any CPU
		{6FDA34FD-5178-4AE8-86F3-E9B50E0D8621}.Release|Any CPU.ActiveCfg = Release|Any CPU
		{6FDA34FD-5178-4AE8-86F3-E9B50E0D8621}.Release|Any CPU.Build.0 = Release|Any CPU
		{99C82A71-858A-42BA-88F2-A42129EEC1FF}.Debug|Any CPU.ActiveCfg = Debug|Any CPU
		{99C82A71-858A-42BA-88F2-A42129EEC1FF}.Debug|Any CPU.Build.0 = Debug|Any CPU
		{99C82A71-858A-42BA-88F2-A42129EEC1FF}.Release|Any CPU.ActiveCfg = Release|Any CPU
		{99C82A71-858A-42BA-88F2-A42129EEC1FF}.Release|Any CPU.Build.0 = Release|Any CPU
		{D126EBB9-7970-423A-BE9B-01FFEDD31F2E}.Debug|Any CPU.ActiveCfg = Debug|Any CPU
		{D126EBB9-7970-423A-BE9B-01FFEDD31F2E}.Debug|Any CPU.Build.0 = Debug|Any CPU
		{D126EBB9-7970-423A-BE9B-01FFEDD31F2E}.Release|Any CPU.ActiveCfg = Release|Any CPU
		{D126EBB9-7970-423A-BE9B-01FFEDD31F2E}.Release|Any CPU.Build.0 = Release|Any CPU
		{3D6EC22F-33C7-4753-BAD4-E2EE360A757D}.Debug|Any CPU.ActiveCfg = Debug|Any CPU
		{3D6EC22F-33C7-4753-BAD4-E2EE360A757D}.Debug|Any CPU.Build.0 = Debug|Any CPU
		{3D6EC22F-33C7-4753-BAD4-E2EE360A757D}.Release|Any CPU.ActiveCfg = Release|Any CPU
		{3D6EC22F-33C7-4753-BAD4-E2EE360A757D}.Release|Any CPU.Build.0 = Release|Any CPU
		{96D3331E-876C-46EC-A501-0CBBB7BEC1AF}.Debug|Any CPU.ActiveCfg = Debug|Any CPU
		{96D3331E-876C-46EC-A501-0CBBB7BEC1AF}.Debug|Any CPU.Build.0 = Debug|Any CPU
		{96D3331E-876C-46EC-A501-0CBBB7BEC1AF}.Release|Any CPU.ActiveCfg = Release|Any CPU
		{96D3331E-876C-46EC-A501-0CBBB7BEC1AF}.Release|Any CPU.Build.0 = Release|Any CPU
		{FB30EA3A-7D4D-460C-968C-5D892EC9B668}.Debug|Any CPU.ActiveCfg = Debug|Any CPU
		{FB30EA3A-7D4D-460C-968C-5D892EC9B668}.Debug|Any CPU.Build.0 = Debug|Any CPU
		{FB30EA3A-7D4D-460C-968C-5D892EC9B668}.Release|Any CPU.ActiveCfg = Release|Any CPU
		{FB30EA3A-7D4D-460C-968C-5D892EC9B668}.Release|Any CPU.Build.0 = Release|Any CPU
		{8EFE33CA-ACDC-495E-98FF-37792A275046}.Debug|Any CPU.ActiveCfg = Debug|Any CPU
		{8EFE33CA-ACDC-495E-98FF-37792A275046}.Debug|Any CPU.Build.0 = Debug|Any CPU
		{8EFE33CA-ACDC-495E-98FF-37792A275046}.Release|Any CPU.ActiveCfg = Release|Any CPU
		{8EFE33CA-ACDC-495E-98FF-37792A275046}.Release|Any CPU.Build.0 = Release|Any CPU
	EndGlobalSection
	GlobalSection(SolutionProperties) = preSolution
		HideSolutionNode = FALSE
	EndGlobalSection
	GlobalSection(ExtensibilityGlobals) = postSolution
		SolutionGuid = {B599D4A7-066A-432D-B836-D5E9278FDB47}
	EndGlobalSection
EndGlobal
