
Microsoft Visual Studio Solution File, Format Version 12.00
# Visual Studio Version 16
VisualStudioVersion = 16.0.28803.352
MinimumVisualStudioVersion = 10.0.40219.1
Project("{9A19103F-16F7-4668-BE54-9A1E7A4F7556}") = "DailyCodingProblem-01", "DailyCodingProblem-01\DailyCodingProblem-01.csproj", "{E6488E74-B445-4760-9DFA-4063E3D5157A}"
EndProject
Project("{9A19103F-16F7-4668-BE54-9A1E7A4F7556}") = "DailyCodingProblem-02", "DailyCodingProblem-02\DailyCodingProblem-02.csproj", "{53C71962-0DE4-44FB-9D3E-FCCAFF958BA3}"
EndProject
Project("{9A19103F-16F7-4668-BE54-9A1E7A4F7556}") = "DailyCodingProblem-03", "DailyCodingProblem-03\DailyCodingProblem-03.csproj", "{965DCF11-9D18-4536-BD0B-7B221728B716}"
EndProject
Project("{9A19103F-16F7-4668-BE54-9A1E7A4F7556}") = "DailyCodingProblem-04", "DailyCodingProblem-04\DailyCodingProblem-04.csproj", "{7E010AD6-0024-4854-A067-65A081701250}"
EndProject
Project("{FAE04EC0-301F-11D3-BF4B-00C04F79EFBC}") = "DailyCodingProblem-05", "DailyCodingProblem-05\DailyCodingProblem-05.csproj", "{61E3BDB0-FBE7-439C-A9F3-E21572E46F49}"
EndProject
Project("{FAE04EC0-301F-11D3-BF4B-00C04F79EFBC}") = "DailyCodingProblem-06", "DailyCodingChallenge-06\DailyCodingProblem-06.csproj", "{7DBC9A48-E6FB-4C7F-A484-7EC3668E1E85}"
EndProject
Global
	GlobalSection(SolutionConfigurationPlatforms) = preSolution
		Debug|Any CPU = Debug|Any CPU
		Release|Any CPU = Release|Any CPU
	EndGlobalSection
	GlobalSection(ProjectConfigurationPlatforms) = postSolution
		{E6488E74-B445-4760-9DFA-4063E3D5157A}.Debug|Any CPU.ActiveCfg = Debug|Any CPU
		{E6488E74-B445-4760-9DFA-4063E3D5157A}.Debug|Any CPU.Build.0 = Debug|Any CPU
		{E6488E74-B445-4760-9DFA-4063E3D5157A}.Release|Any CPU.ActiveCfg = Release|Any CPU
		{E6488E74-B445-4760-9DFA-4063E3D5157A}.Release|Any CPU.Build.0 = Release|Any CPU
		{53C71962-0DE4-44FB-9D3E-FCCAFF958BA3}.Debug|Any CPU.ActiveCfg = Debug|Any CPU
		{53C71962-0DE4-44FB-9D3E-FCCAFF958BA3}.Debug|Any CPU.Build.0 = Debug|Any CPU
		{53C71962-0DE4-44FB-9D3E-FCCAFF958BA3}.Release|Any CPU.ActiveCfg = Release|Any CPU
		{53C71962-0DE4-44FB-9D3E-FCCAFF958BA3}.Release|Any CPU.Build.0 = Release|Any CPU
		{965DCF11-9D18-4536-BD0B-7B221728B716}.Debug|Any CPU.ActiveCfg = Debug|Any CPU
		{965DCF11-9D18-4536-BD0B-7B221728B716}.Debug|Any CPU.Build.0 = Debug|Any CPU
		{965DCF11-9D18-4536-BD0B-7B221728B716}.Release|Any CPU.ActiveCfg = Release|Any CPU
		{965DCF11-9D18-4536-BD0B-7B221728B716}.Release|Any CPU.Build.0 = Release|Any CPU
		{7E010AD6-0024-4854-A067-65A081701250}.Debug|Any CPU.ActiveCfg = Debug|Any CPU
		{7E010AD6-0024-4854-A067-65A081701250}.Debug|Any CPU.Build.0 = Debug|Any CPU
		{7E010AD6-0024-4854-A067-65A081701250}.Release|Any CPU.ActiveCfg = Release|Any CPU
		{7E010AD6-0024-4854-A067-65A081701250}.Release|Any CPU.Build.0 = Release|Any CPU
		{61E3BDB0-FBE7-439C-A9F3-E21572E46F49}.Debug|Any CPU.ActiveCfg = Debug|Any CPU
		{61E3BDB0-FBE7-439C-A9F3-E21572E46F49}.Debug|Any CPU.Build.0 = Debug|Any CPU
		{61E3BDB0-FBE7-439C-A9F3-E21572E46F49}.Release|Any CPU.ActiveCfg = Release|Any CPU
		{61E3BDB0-FBE7-439C-A9F3-E21572E46F49}.Release|Any CPU.Build.0 = Release|Any CPU
		{7DBC9A48-E6FB-4C7F-A484-7EC3668E1E85}.Debug|Any CPU.ActiveCfg = Debug|Any CPU
		{7DBC9A48-E6FB-4C7F-A484-7EC3668E1E85}.Debug|Any CPU.Build.0 = Debug|Any CPU
		{7DBC9A48-E6FB-4C7F-A484-7EC3668E1E85}.Release|Any CPU.ActiveCfg = Release|Any CPU
		{7DBC9A48-E6FB-4C7F-A484-7EC3668E1E85}.Release|Any CPU.Build.0 = Release|Any CPU
	EndGlobalSection
	GlobalSection(SolutionProperties) = preSolution
		HideSolutionNode = FALSE
	EndGlobalSection
	GlobalSection(ExtensibilityGlobals) = postSolution
		SolutionGuid = {B599D4A7-066A-432D-B836-D5E9278FDB47}
	EndGlobalSection
EndGlobal
